
Microsoft Visual Studio Solution File, Format Version 12.00
# Visual Studio Version 17
VisualStudioVersion = 17.9.34622.214
MinimumVisualStudioVersion = 10.0.40219.1
Project("{9A19103F-16F7-4668-BE54-9A1E7A4F7556}") = "SchoolClassProject", "SchoolClassProject.csproj", "{1C382F0D-74BA-41BC-9F23-60BA5AACB4D3}"
EndProject
Project("{FAE04EC0-301F-11D3-BF4B-00C04F79EFBC}") = "SchoolClassProjectTests", "..\SchoolClassProjectTests\SchoolClassProjectTests.csproj", "{EC0F5023-0DD1-4B22-8F34-79E92AA8D5EA}"
EndProject
Global
	GlobalSection(SolutionConfigurationPlatforms) = preSolution
		Debug|Any CPU = Debug|Any CPU
		Release|Any CPU = Release|Any CPU
	EndGlobalSection
	GlobalSection(ProjectConfigurationPlatforms) = postSolution
		{1C382F0D-74BA-41BC-9F23-60BA5AACB4D3}.Debug|Any CPU.ActiveCfg = Debug|Any CPU
		{1C382F0D-74BA-41BC-9F23-60BA5AACB4D3}.Debug|Any CPU.Build.0 = Debug|Any CPU
		{1C382F0D-74BA-41BC-9F23-60BA5AACB4D3}.Release|Any CPU.ActiveCfg = Release|Any CPU
		{1C382F0D-74BA-41BC-9F23-60BA5AACB4D3}.Release|Any CPU.Build.0 = Release|Any CPU
		{EC0F5023-0DD1-4B22-8F34-79E92AA8D5EA}.Debug|Any CPU.ActiveCfg = Debug|Any CPU
		{EC0F5023-0DD1-4B22-8F34-79E92AA8D5EA}.Debug|Any CPU.Build.0 = Debug|Any CPU
		{EC0F5023-0DD1-4B22-8F34-79E92AA8D5EA}.Release|Any CPU.ActiveCfg = Release|Any CPU
		{EC0F5023-0DD1-4B22-8F34-79E92AA8D5EA}.Release|Any CPU.Build.0 = Release|Any CPU
	EndGlobalSection
	GlobalSection(SolutionProperties) = preSolution
		HideSolutionNode = FALSE
	EndGlobalSection
	GlobalSection(ExtensibilityGlobals) = postSolution
		SolutionGuid = {7BD46605-EFFB-4253-8132-0AC0C2010544}
	EndGlobalSection
EndGlobal
